// !$*UTF8*$!
{
	archiveVersion = 1;
	classes = {
	};
	objectVersion = 55;
	objects = {

/* Begin PBXBuildFile section */
		BD7D26E028821E9300801852 /* AppDelegate.swift in Sources */ = {isa = PBXBuildFile; fileRef = BD7D26DF28821E9300801852 /* AppDelegate.swift */; };
		BD7D26E228821E9300801852 /* SceneDelegate.swift in Sources */ = {isa = PBXBuildFile; fileRef = BD7D26E128821E9300801852 /* SceneDelegate.swift */; };
		BD7D26E728821E9300801852 /* Main.storyboard in Resources */ = {isa = PBXBuildFile; fileRef = BD7D26E528821E9300801852 /* Main.storyboard */; };
		BD7D26EA28821E9300801852 /* toDoList_KWK_mobdev_2022.xcdatamodeld in Sources */ = {isa = PBXBuildFile; fileRef = BD7D26E828821E9300801852 /* toDoList_KWK_mobdev_2022.xcdatamodeld */; };
		BD7D26EC28821E9500801852 /* Assets.xcassets in Resources */ = {isa = PBXBuildFile; fileRef = BD7D26EB28821E9500801852 /* Assets.xcassets */; };
		BD7D26EF28821E9500801852 /* LaunchScreen.storyboard in Resources */ = {isa = PBXBuildFile; fileRef = BD7D26ED28821E9500801852 /* LaunchScreen.storyboard */; };
		BD7D26F72882238000801852 /* ToDoTableViewController.swift in Sources */ = {isa = PBXBuildFile; fileRef = BD7D26F62882238000801852 /* ToDoTableViewController.swift */; };
		BD7D26F92882251500801852 /* ToDo.swift in Sources */ = {isa = PBXBuildFile; fileRef = BD7D26F82882251500801852 /* ToDo.swift */; };
/* End PBXBuildFile section */

/* Begin PBXFileReference section */
		BD7D26DC28821E9300801852 /* toDoList KWK mobdev 2022.app */ = {isa = PBXFileReference; explicitFileType = wrapper.application; includeInIndex = 0; path = "toDoList KWK mobdev 2022.app"; sourceTree = BUILT_PRODUCTS_DIR; };
		BD7D26DF28821E9300801852 /* AppDelegate.swift */ = {isa = PBXFileReference; lastKnownFileType = sourcecode.swift; path = AppDelegate.swift; sourceTree = "<group>"; };
		BD7D26E128821E9300801852 /* SceneDelegate.swift */ = {isa = PBXFileReference; lastKnownFileType = sourcecode.swift; path = SceneDelegate.swift; sourceTree = "<group>"; };
		BD7D26E628821E9300801852 /* Base */ = {isa = PBXFileReference; lastKnownFileType = file.storyboard; name = Base; path = Base.lproj/Main.storyboard; sourceTree = "<group>"; };
		BD7D26E928821E9300801852 /* toDoList_KWK_mobdev_2022.xcdatamodel */ = {isa = PBXFileReference; lastKnownFileType = wrapper.xcdatamodel; path = toDoList_KWK_mobdev_2022.xcdatamodel; sourceTree = "<group>"; };
		BD7D26EB28821E9500801852 /* Assets.xcassets */ = {isa = PBXFileReference; lastKnownFileType = folder.assetcatalog; path = Assets.xcassets; sourceTree = "<group>"; };
		BD7D26EE28821E9500801852 /* Base */ = {isa = PBXFileReference; lastKnownFileType = file.storyboard; name = Base; path = Base.lproj/LaunchScreen.storyboard; sourceTree = "<group>"; };
		BD7D26F028821E9500801852 /* Info.plist */ = {isa = PBXFileReference; lastKnownFileType = text.plist.xml; path = Info.plist; sourceTree = "<group>"; };
		BD7D26F62882238000801852 /* ToDoTableViewController.swift */ = {isa = PBXFileReference; lastKnownFileType = sourcecode.swift; path = ToDoTableViewController.swift; sourceTree = "<group>"; };
		BD7D26F82882251500801852 /* ToDo.swift */ = {isa = PBXFileReference; lastKnownFileType = sourcecode.swift; path = ToDo.swift; sourceTree = "<group>"; };
/* End PBXFileReference section */

/* Begin PBXFrameworksBuildPhase section */
		BD7D26D928821E9300801852 /* Frameworks */ = {
			isa = PBXFrameworksBuildPhase;
			buildActionMask = 2147483647;
			files = (
			);
			runOnlyForDeploymentPostprocessing = 0;
		};
/* End PBXFrameworksBuildPhase section */

/* Begin PBXGroup section */
		BD7D26D328821E9300801852 = {
			isa = PBXGroup;
			children = (
				BD7D26DE28821E9300801852 /* toDoList KWK mobdev 2022 */,
				BD7D26DD28821E9300801852 /* Products */,
			);
			sourceTree = "<group>";
		};
		BD7D26DD28821E9300801852 /* Products */ = {
			isa = PBXGroup;
			children = (
				BD7D26DC28821E9300801852 /* toDoList KWK mobdev 2022.app */,
			);
			name = Products;
			sourceTree = "<group>";
		};
		BD7D26DE28821E9300801852 /* toDoList KWK mobdev 2022 */ = {
			isa = PBXGroup;
			children = (
				BD7D26DF28821E9300801852 /* AppDelegate.swift */,
				BD7D26E128821E9300801852 /* SceneDelegate.swift */,
				BD7D26F62882238000801852 /* ToDoTableViewController.swift */,
				BD7D26E528821E9300801852 /* Main.storyboard */,
				BD7D26F82882251500801852 /* ToDo.swift */,
				BD7D26EB28821E9500801852 /* Assets.xcassets */,
				BD7D26ED28821E9500801852 /* LaunchScreen.storyboard */,
				BD7D26F028821E9500801852 /* Info.plist */,
				BD7D26E828821E9300801852 /* toDoList_KWK_mobdev_2022.xcdatamodeld */,
			);
			path = "toDoList KWK mobdev 2022";
			sourceTree = "<group>";
		};
/* End PBXGroup section */

/* Begin PBXNativeTarget section */
		BD7D26DB28821E9300801852 /* toDoList KWK mobdev 2022 */ = {
			isa = PBXNativeTarget;
			buildConfigurationList = BD7D26F328821E9500801852 /* Build configuration list for PBXNativeTarget "toDoList KWK mobdev 2022" */;
			buildPhases = (
				BD7D26D828821E9300801852 /* Sources */,
				BD7D26D928821E9300801852 /* Frameworks */,
				BD7D26DA28821E9300801852 /* Resources */,
			);
			buildRules = (
			);
			dependencies = (
			);
			name = "toDoList KWK mobdev 2022";
			productName = "toDoList KWK mobdev 2022";
			productReference = BD7D26DC28821E9300801852 /* toDoList KWK mobdev 2022.app */;
			productType = "com.apple.product-type.application";
		};
/* End PBXNativeTarget section */

/* Begin PBXProject section */
		BD7D26D428821E9300801852 /* Project object */ = {
			isa = PBXProject;
			attributes = {
				BuildIndependentTargetsInParallel = 1;
				LastSwiftUpdateCheck = 1340;
				LastUpgradeCheck = 1340;
				TargetAttributes = {
					BD7D26DB28821E9300801852 = {
						CreatedOnToolsVersion = 13.4.1;
					};
				};
			};
			buildConfigurationList = BD7D26D728821E9300801852 /* Build configuration list for PBXProject "toDoList KWK mobdev 2022" */;
			compatibilityVersion = "Xcode 13.0";
			developmentRegion = en;
			hasScannedForEncodings = 0;
			knownRegions = (
				en,
				Base,
			);
			mainGroup = BD7D26D328821E9300801852;
			productRefGroup = BD7D26DD28821E9300801852 /* Products */;
			projectDirPath = "";
			projectRoot = "";
			targets = (
				BD7D26DB28821E9300801852 /* toDoList KWK mobdev 2022 */,
			);
		};
/* End PBXProject section */

/* Begin PBXResourcesBuildPhase section */
		BD7D26DA28821E9300801852 /* Resources */ = {
			isa = PBXResourcesBuildPhase;
			buildActionMask = 2147483647;
			files = (
				BD7D26EF28821E9500801852 /* LaunchScreen.storyboard in Resources */,
				BD7D26EC28821E9500801852 /* Assets.xcassets in Resources */,
				BD7D26E728821E9300801852 /* Main.storyboard in Resources */,
			);
			runOnlyForDeploymentPostprocessing = 0;
		};
/* End PBXResourcesBuildPhase section */

/* Begin PBXSourcesBuildPhase section */
		BD7D26D828821E9300801852 /* Sources */ = {
			isa = PBXSourcesBuildPhase;
			buildActionMask = 2147483647;
			files = (
				BD7D26EA28821E9300801852 /* toDoList_KWK_mobdev_2022.xcdatamodeld in Sources */,
				BD7D26F92882251500801852 /* ToDo.swift in Sources */,
				BD7D26F72882238000801852 /* ToDoTableViewController.swift in Sources */,
				BD7D26E028821E9300801852 /* AppDelegate.swift in Sources */,
				BD7D26E228821E9300801852 /* SceneDelegate.swift in Sources */,
			);
			runOnlyForDeploymentPostprocessing = 0;
		};
/* End PBXSourcesBuildPhase section */

/* Begin PBXVariantGroup section */
		BD7D26E528821E9300801852 /* Main.storyboard */ = {
			isa = PBXVariantGroup;
			children = (
				BD7D26E628821E9300801852 /* Base */,
			);
			name = Main.storyboard;
			sourceTree = "<group>";
		};
		BD7D26ED28821E9500801852 /* LaunchScreen.storyboard */ = {
			isa = PBXVariantGroup;
			children = (
				BD7D26EE28821E9500801852 /* Base */,
			);
			name = LaunchScreen.storyboard;
			sourceTree = "<group>";
		};
/* End PBXVariantGroup section */

/* Begin XCBuildConfiguration section */
		BD7D26F128821E9500801852 /* Debug */ = {
			isa = XCBuildConfiguration;
			buildSettings = {
				ALWAYS_SEARCH_USER_PATHS = NO;
				CLANG_ANALYZER_NONNULL = YES;
				CLANG_ANALYZER_NUMBER_OBJECT_CONVERSION = YES_AGGRESSIVE;
				CLANG_CXX_LANGUAGE_STANDARD = "gnu++17";
				CLANG_ENABLE_MODULES = YES;
				CLANG_ENABLE_OBJC_ARC = YES;
				CLANG_ENABLE_OBJC_WEAK = YES;
				CLANG_WARN_BLOCK_CAPTURE_AUTORELEASING = YES;
				CLANG_WARN_BOOL_CONVERSION = YES;
				CLANG_WARN_COMMA = YES;
				CLANG_WARN_CONSTANT_CONVERSION = YES;
				CLANG_WARN_DEPRECATED_OBJC_IMPLEMENTATIONS = YES;
				CLANG_WARN_DIRECT_OBJC_ISA_USAGE = YES_ERROR;
				CLANG_WARN_DOCUMENTATION_COMMENTS = YES;
				CLANG_WARN_EMPTY_BODY = YES;
				CLANG_WARN_ENUM_CONVERSION = YES;
				CLANG_WARN_INFINITE_RECURSION = YES;
				CLANG_WARN_INT_CONVERSION = YES;
				CLANG_WARN_NON_LITERAL_NULL_CONVERSION = YES;
				CLANG_WARN_OBJC_IMPLICIT_RETAIN_SELF = YES;
				CLANG_WARN_OBJC_LITERAL_CONVERSION = YES;
				CLANG_WARN_OBJC_ROOT_CLASS = YES_ERROR;
				CLANG_WARN_QUOTED_INCLUDE_IN_FRAMEWORK_HEADER = YES;
				CLANG_WARN_RANGE_LOOP_ANALYSIS = YES;
				CLANG_WARN_STRICT_PROTOTYPES = YES;
				CLANG_WARN_SUSPICIOUS_MOVE = YES;
				CLANG_WARN_UNGUARDED_AVAILABILITY = YES_AGGRESSIVE;
				CLANG_WARN_UNREACHABLE_CODE = YES;
				CLANG_WARN__DUPLICATE_METHOD_MATCH = YES;
				COPY_PHASE_STRIP = NO;
				DEBUG_INFORMATION_FORMAT = dwarf;
				ENABLE_STRICT_OBJC_MSGSEND = YES;
				ENABLE_TESTABILITY = YES;
				GCC_C_LANGUAGE_STANDARD = gnu11;
				GCC_DYNAMIC_NO_PIC = NO;
				GCC_NO_COMMON_BLOCKS = YES;
				GCC_OPTIMIZATION_LEVEL = 0;
				GCC_PREPROCESSOR_DEFINITIONS = (
					"DEBUG=1",
					"$(inherited)",
				);
				GCC_WARN_64_TO_32_BIT_CONVERSION = YES;
				GCC_WARN_ABOUT_RETURN_TYPE = YES_ERROR;
				GCC_WARN_UNDECLARED_SELECTOR = YES;
				GCC_WARN_UNINITIALIZED_AUTOS = YES_AGGRESSIVE;
				GCC_WARN_UNUSED_FUNCTION = YES;
				GCC_WARN_UNUSED_VARIABLE = YES;
				IPHONEOS_DEPLOYMENT_TARGET = 15.5;
				MTL_ENABLE_DEBUG_INFO = INCLUDE_SOURCE;
				MTL_FAST_MATH = YES;
				ONLY_ACTIVE_ARCH = YES;
				SDKROOT = iphoneos;
				SWIFT_ACTIVE_COMPILATION_CONDITIONS = DEBUG;
				SWIFT_OPTIMIZATION_LEVEL = "-Onone";
			};
			name = Debug;
		};
		BD7D26F228821E9500801852 /* Release */ = {
			isa = XCBuildConfiguration;
			buildSettings = {
				ALWAYS_SEARCH_USER_PATHS = NO;
				CLANG_ANALYZER_NONNULL = YES;
				CLANG_ANALYZER_NUMBER_OBJECT_CONVERSION = YES_AGGRESSIVE;
				CLANG_CXX_LANGUAGE_STANDARD = "gnu++17";
				CLANG_ENABLE_MODULES = YES;
				CLANG_ENABLE_OBJC_ARC = YES;
				CLANG_ENABLE_OBJC_WEAK = YES;
				CLANG_WARN_BLOCK_CAPTURE_AUTORELEASING = YES;
				CLANG_WARN_BOOL_CONVERSION = YES;
				CLANG_WARN_COMMA = YES;
				CLANG_WARN_CONSTANT_CONVERSION = YES;
				CLANG_WARN_DEPRECATED_OBJC_IMPLEMENTATIONS = YES;
				CLANG_WARN_DIRECT_OBJC_ISA_USAGE = YES_ERROR;
				CLANG_WARN_DOCUMENTATION_COMMENTS = YES;
				CLANG_WARN_EMPTY_BODY = YES;
				CLANG_WARN_ENUM_CONVERSION = YES;
				CLANG_WARN_INFINITE_RECURSION = YES;
				CLANG_WARN_INT_CONVERSION = YES;
				CLANG_WARN_NON_LITERAL_NULL_CONVERSION = YES;
				CLANG_WARN_OBJC_IMPLICIT_RETAIN_SELF = YES;
				CLANG_WARN_OBJC_LITERAL_CONVERSION = YES;
				CLANG_WARN_OBJC_ROOT_CLASS = YES_ERROR;
				CLANG_WARN_QUOTED_INCLUDE_IN_FRAMEWORK_HEADER = YES;
				CLANG_WARN_RANGE_LOOP_ANALYSIS = YES;
				CLANG_WARN_STRICT_PROTOTYPES = YES;
				CLANG_WARN_SUSPICIOUS_MOVE = YES;
				CLANG_WARN_UNGUARDED_AVAILABILITY = YES_AGGRESSIVE;
				CLANG_WARN_UNREACHABLE_CODE = YES;
				CLANG_WARN__DUPLICATE_METHOD_MATCH = YES;
				COPY_PHASE_STRIP = NO;
				DEBUG_INFORMATION_FORMAT = "dwarf-with-dsym";
				ENABLE_NS_ASSERTIONS = NO;
				ENABLE_STRICT_OBJC_MSGSEND = YES;
				GCC_C_LANGUAGE_STANDARD = gnu11;
				GCC_NO_COMMON_BLOCKS = YES;
				GCC_WARN_64_TO_32_BIT_CONVERSION = YES;
				GCC_WARN_ABOUT_RETURN_TYPE = YES_ERROR;
				GCC_WARN_UNDECLARED_SELECTOR = YES;
				GCC_WARN_UNINITIALIZED_AUTOS = YES_AGGRESSIVE;
				GCC_WARN_UNUSED_FUNCTION = YES;
				GCC_WARN_UNUSED_VARIABLE = YES;
				IPHONEOS_DEPLOYMENT_TARGET = 15.5;
				MTL_ENABLE_DEBUG_INFO = NO;
				MTL_FAST_MATH = YES;
				SDKROOT = iphoneos;
				SWIFT_COMPILATION_MODE = wholemodule;
				SWIFT_OPTIMIZATION_LEVEL = "-O";
				VALIDATE_PRODUCT = YES;
			};
			name = Release;
		};
		BD7D26F428821E9500801852 /* Debug */ = {
			isa = XCBuildConfiguration;
			buildSettings = {
				ASSETCATALOG_COMPILER_APPICON_NAME = AppIcon;
				ASSETCATALOG_COMPILER_GLOBAL_ACCENT_COLOR_NAME = AccentColor;
				CODE_SIGN_STYLE = Automatic;
				CURRENT_PROJECT_VERSION = 1;
				GENERATE_INFOPLIST_FILE = YES;
				INFOPLIST_FILE = "toDoList KWK mobdev 2022/Info.plist";
				INFOPLIST_KEY_UIApplicationSupportsIndirectInputEvents = YES;
				INFOPLIST_KEY_UILaunchStoryboardName = LaunchScreen;
				INFOPLIST_KEY_UIMainStoryboardFile = Main;
				INFOPLIST_KEY_UISupportedInterfaceOrientations_iPad = "UIInterfaceOrientationPortrait UIInterfaceOrientationPortraitUpsideDown UIInterfaceOrientationLandscapeLeft UIInterfaceOrientationLandscapeRight";
				INFOPLIST_KEY_UISupportedInterfaceOrientations_iPhone = "UIInterfaceOrientationPortrait UIInterfaceOrientationLandscapeLeft UIInterfaceOrientationLandscapeRight";
				LD_RUNPATH_SEARCH_PATHS = (
					"$(inherited)",
					"@executable_path/Frameworks",
				);
				MARKETING_VERSION = 1.0;
				PRODUCT_BUNDLE_IDENTIFIER = "FirstFile.toDoList-KWK-mobdev-2022";
				PRODUCT_NAME = "$(TARGET_NAME)";
				SWIFT_EMIT_LOC_STRINGS = YES;
				SWIFT_VERSION = 5.0;
				TARGETED_DEVICE_FAMILY = "1,2";
			};
			name = Debug;
		};
		BD7D26F528821E9500801852 /* Release */ = {
			isa = XCBuildConfiguration;
			buildSettings = {
				ASSETCATALOG_COMPILER_APPICON_NAME = AppIcon;
				ASSETCATALOG_COMPILER_GLOBAL_ACCENT_COLOR_NAME = AccentColor;
				CODE_SIGN_STYLE = Automatic;
				CURRENT_PROJECT_VERSION = 1;
				GENERATE_INFOPLIST_FILE = YES;
				INFOPLIST_FILE = "toDoList KWK mobdev 2022/Info.plist";
				INFOPLIST_KEY_UIApplicationSupportsIndirectInputEvents = YES;
				INFOPLIST_KEY_UILaunchStoryboardName = LaunchScreen;
				INFOPLIST_KEY_UIMainStoryboardFile = Main;
				INFOPLIST_KEY_UISupportedInterfaceOrientations_iPad = "UIInterfaceOrientationPortrait UIInterfaceOrientationPortraitUpsideDown UIInterfaceOrientationLandscapeLeft UIInterfaceOrientationLandscapeRight";
				INFOPLIST_KEY_UISupportedInterfaceOrientations_iPhone = "UIInterfaceOrientationPortrait UIInterfaceOrientationLandscapeLeft UIInterfaceOrientationLandscapeRight";
				LD_RUNPATH_SEARCH_PATHS = (
					"$(inherited)",
					"@executable_path/Frameworks",
				);
				MARKETING_VERSION = 1.0;
				PRODUCT_BUNDLE_IDENTIFIER = "FirstFile.toDoList-KWK-mobdev-2022";
				PRODUCT_NAME = "$(TARGET_NAME)";
				SWIFT_EMIT_LOC_STRINGS = YES;
				SWIFT_VERSION = 5.0;
				TARGETED_DEVICE_FAMILY = "1,2";
			};
			name = Release;
		};
/* End XCBuildConfiguration section */

/* Begin XCConfigurationList section */
		BD7D26D728821E9300801852 /* Build configuration list for PBXProject "toDoList KWK mobdev 2022" */ = {
			isa = XCConfigurationList;
			buildConfigurations = (
				BD7D26F128821E9500801852 /* Debug */,
				BD7D26F228821E9500801852 /* Release */,
			);
			defaultConfigurationIsVisible = 0;
			defaultConfigurationName = Release;
		};
		BD7D26F328821E9500801852 /* Build configuration list for PBXNativeTarget "toDoList KWK mobdev 2022" */ = {
			isa = XCConfigurationList;
			buildConfigurations = (
				BD7D26F428821E9500801852 /* Debug */,
				BD7D26F528821E9500801852 /* Release */,
			);
			defaultConfigurationIsVisible = 0;
			defaultConfigurationName = Release;
		};
/* End XCConfigurationList section */

/* Begin XCVersionGroup section */
		BD7D26E828821E9300801852 /* toDoList_KWK_mobdev_2022.xcdatamodeld */ = {
			isa = XCVersionGroup;
			children = (
				BD7D26E928821E9300801852 /* toDoList_KWK_mobdev_2022.xcdatamodel */,
			);
			currentVersion = BD7D26E928821E9300801852 /* toDoList_KWK_mobdev_2022.xcdatamodel */;
			path = toDoList_KWK_mobdev_2022.xcdatamodeld;
			sourceTree = "<group>";
			versionGroupType = wrapper.xcdatamodel;
		};
/* End XCVersionGroup section */
	};
	rootObject = BD7D26D428821E9300801852 /* Project object */;
}
